
Microsoft Visual Studio Solution File, Format Version 12.00
# Visual Studio Version 17
VisualStudioVersion = 17.7.34202.233
MinimumVisualStudioVersion = 10.0.40219.1
Project("{9A19103F-16F7-4668-BE54-9A1E7A4F7556}") = "PlayMobic", "PlayMobic\PlayMobic.csproj", "{63F83AB2-78F9-4F74-B3FA-D58CB6BD3624}"
EndProject
Project("{9A19103F-16F7-4668-BE54-9A1E7A4F7556}") = "PlayMobic.Tool", "PlayMobic.Tool\PlayMobic.Tool.csproj", "{F4F26DC9-F611-4CE6-B549-8609AF9DA4B1}"
EndProject
Project("{2150E333-8FDC-42A3-9474-1A3956D46DE8}") = "Solution Items", "Solution Items", "{C0C2E349-0392-44A4-AE99-05BB68F7678E}"
	ProjectSection(SolutionItems) = preProject
		..\.editorconfig = ..\.editorconfig
		..\docs\MODS.md = ..\docs\MODS.md
		..\README.md = ..\README.md
	EndProjectSection
EndProject
Global
	GlobalSection(SolutionConfigurationPlatforms) = preSolution
		Debug|Any CPU = Debug|Any CPU
		Release|Any CPU = Release|Any CPU
	EndGlobalSection
	GlobalSection(ProjectConfigurationPlatforms) = postSolution
		{63F83AB2-78F9-4F74-B3FA-D58CB6BD3624}.Debug|Any CPU.ActiveCfg = Debug|Any CPU
		{63F83AB2-78F9-4F74-B3FA-D58CB6BD3624}.Debug|Any CPU.Build.0 = Debug|Any CPU
		{63F83AB2-78F9-4F74-B3FA-D58CB6BD3624}.Release|Any CPU.ActiveCfg = Release|Any CPU
		{63F83AB2-78F9-4F74-B3FA-D58CB6BD3624}.Release|Any CPU.Build.0 = Release|Any CPU
		{F4F26DC9-F611-4CE6-B549-8609AF9DA4B1}.Debug|Any CPU.ActiveCfg = Debug|Any CPU
		{F4F26DC9-F611-4CE6-B549-8609AF9DA4B1}.Debug|Any CPU.Build.0 = Debug|Any CPU
		{F4F26DC9-F611-4CE6-B549-8609AF9DA4B1}.Release|Any CPU.ActiveCfg = Release|Any CPU
		{F4F26DC9-F611-4CE6-B549-8609AF9DA4B1}.Release|Any CPU.Build.0 = Release|Any CPU
	EndGlobalSection
	GlobalSection(SolutionProperties) = preSolution
		HideSolutionNode = FALSE
	EndGlobalSection
	GlobalSection(ExtensibilityGlobals) = postSolution
		SolutionGuid = {880A0F46-E7B2-4FFC-A62F-096A5C300659}
	EndGlobalSection
EndGlobal
