
Microsoft Visual Studio Solution File, Format Version 12.00
# Visual Studio Version 17
VisualStudioVersion = 17.7.34202.233
MinimumVisualStudioVersion = 10.0.40219.1
Project("{9A19103F-16F7-4668-BE54-9A1E7A4F7556}") = "PlayMobic", "PlayMobic\PlayMobic.csproj", "{63F83AB2-78F9-4F74-B3FA-D58CB6BD3624}"
EndProject
Project("{9A19103F-16F7-4668-BE54-9A1E7A4F7556}") = "PlayMobic.Tool", "PlayMobic.Tool\PlayMobic.Tool.csproj", "{F4F26DC9-F611-4CE6-B549-8609AF9DA4B1}"
EndProject
Project("{2150E333-8FDC-42A3-9474-1A3956D46DE8}") = "Solution Items", "Solution Items", "{C0C2E349-0392-44A4-AE99-05BB68F7678E}"
	ProjectSection(SolutionItems) = preProject
		..\.editorconfig = ..\.editorconfig
		..\.gitignore = ..\.gitignore
		Directory.Build.props = Directory.Build.props
		Directory.Packages.props = Directory.Packages.props
		..\README.md = ..\README.md
	EndProjectSection
EndProject
Project("{9A19103F-16F7-4668-BE54-9A1E7A4F7556}") = "PlayMobic.Tests", "PlayMobic.Tests\PlayMobic.Tests.csproj", "{F8B8C5FF-BFF6-4459-A0FA-4DFFCF91DD25}"
EndProject
Project("{2150E333-8FDC-42A3-9474-1A3956D46DE8}") = "Spec", "Spec", "{013DDC5C-EED8-4A9A-860B-150F4758ACC0}"
	ProjectSection(SolutionItems) = preProject
		..\docs\articles\specs\codec-mobiclip-binary.md = ..\docs\articles\specs\codec-mobiclip-binary.md
		..\docs\articles\specs\codec-mobiclip.md = ..\docs\articles\specs\codec-mobiclip.md
		..\docs\articles\specs\container-MODS.md = ..\docs\articles\specs\container-MODS.md
		..\docs\articles\references.md = ..\docs\articles\references.md
	EndProjectSection
EndProject
Project("{9A19103F-16F7-4668-BE54-9A1E7A4F7556}") = "PlayMobic.PerformanceTests", "PlayMobic.PerformanceTests\PlayMobic.PerformanceTests.csproj", "{D0678BDA-FDBE-47EB-96CC-C6ACE2AEDC34}"
EndProject
Project("{FAE04EC0-301F-11D3-BF4B-00C04F79EFBC}") = "PlayMobic.UI", "PlayMobic.UI\PlayMobic.UI.csproj", "{54657513-4FE7-426F-8C5F-5A22FB22FAAC}"
EndProject
Global
	GlobalSection(SolutionConfigurationPlatforms) = preSolution
		Debug|Any CPU = Debug|Any CPU
		Release|Any CPU = Release|Any CPU
	EndGlobalSection
	GlobalSection(ProjectConfigurationPlatforms) = postSolution
		{63F83AB2-78F9-4F74-B3FA-D58CB6BD3624}.Debug|Any CPU.ActiveCfg = Debug|Any CPU
		{63F83AB2-78F9-4F74-B3FA-D58CB6BD3624}.Debug|Any CPU.Build.0 = Debug|Any CPU
		{63F83AB2-78F9-4F74-B3FA-D58CB6BD3624}.Release|Any CPU.ActiveCfg = Release|Any CPU
		{63F83AB2-78F9-4F74-B3FA-D58CB6BD3624}.Release|Any CPU.Build.0 = Release|Any CPU
		{F4F26DC9-F611-4CE6-B549-8609AF9DA4B1}.Debug|Any CPU.ActiveCfg = Debug|Any CPU
		{F4F26DC9-F611-4CE6-B549-8609AF9DA4B1}.Debug|Any CPU.Build.0 = Debug|Any CPU
		{F4F26DC9-F611-4CE6-B549-8609AF9DA4B1}.Release|Any CPU.ActiveCfg = Release|Any CPU
		{F4F26DC9-F611-4CE6-B549-8609AF9DA4B1}.Release|Any CPU.Build.0 = Release|Any CPU
		{F8B8C5FF-BFF6-4459-A0FA-4DFFCF91DD25}.Debug|Any CPU.ActiveCfg = Debug|Any CPU
		{F8B8C5FF-BFF6-4459-A0FA-4DFFCF91DD25}.Debug|Any CPU.Build.0 = Debug|Any CPU
		{F8B8C5FF-BFF6-4459-A0FA-4DFFCF91DD25}.Release|Any CPU.ActiveCfg = Release|Any CPU
		{F8B8C5FF-BFF6-4459-A0FA-4DFFCF91DD25}.Release|Any CPU.Build.0 = Release|Any CPU
		{D0678BDA-FDBE-47EB-96CC-C6ACE2AEDC34}.Debug|Any CPU.ActiveCfg = Debug|Any CPU
		{D0678BDA-FDBE-47EB-96CC-C6ACE2AEDC34}.Debug|Any CPU.Build.0 = Debug|Any CPU
		{D0678BDA-FDBE-47EB-96CC-C6ACE2AEDC34}.Release|Any CPU.ActiveCfg = Release|Any CPU
		{D0678BDA-FDBE-47EB-96CC-C6ACE2AEDC34}.Release|Any CPU.Build.0 = Release|Any CPU
		{54657513-4FE7-426F-8C5F-5A22FB22FAAC}.Debug|Any CPU.ActiveCfg = Debug|Any CPU
		{54657513-4FE7-426F-8C5F-5A22FB22FAAC}.Debug|Any CPU.Build.0 = Debug|Any CPU
		{54657513-4FE7-426F-8C5F-5A22FB22FAAC}.Release|Any CPU.ActiveCfg = Release|Any CPU
		{54657513-4FE7-426F-8C5F-5A22FB22FAAC}.Release|Any CPU.Build.0 = Release|Any CPU
	EndGlobalSection
	GlobalSection(SolutionProperties) = preSolution
		HideSolutionNode = FALSE
	EndGlobalSection
	GlobalSection(NestedProjects) = preSolution
		{013DDC5C-EED8-4A9A-860B-150F4758ACC0} = {C0C2E349-0392-44A4-AE99-05BB68F7678E}
	EndGlobalSection
	GlobalSection(ExtensibilityGlobals) = postSolution
		SolutionGuid = {880A0F46-E7B2-4FFC-A62F-096A5C300659}
	EndGlobalSection
EndGlobal
